{
  "name": "dp-chart-lib",
  "version": "1.0.0",
  "lockfileVersion": 1,
  "requires": true,
  "dependencies": {
    "canvas-dpi-scaler": {
      "version": "0.0.3",
      "resolved": "https://registry.npmjs.org/canvas-dpi-scaler/-/canvas-dpi-scaler-0.0.3.tgz",
      "integrity": "sha1-tsTeVt5U9eJ34K/aa3hW3nE4Dzw="
    },
    "signals": {
      "version": "1.0.0",
      "resolved": "https://registry.npmjs.org/signals/-/signals-1.0.0.tgz",
      "integrity": "sha1-ZfDBWZNSs1Ny7KrlolDmEHN27Wk="
    }
  }
}
